
Microsoft Visual Studio Solution File, Format Version 12.00
# Visual Studio Version 17
VisualStudioVersion = 17.6.33717.318
MinimumVisualStudioVersion = 10.0.40219.1
Project("{FAE04EC0-301F-11D3-BF4B-00C04F79EFBC}") = "Sidste opgave før grundforløbs prøve", "Sidste opgave før grundforløbs prøve\Sidste opgave før grundforløbs prøve.csproj", "{57F0BA1F-6B4B-4029-A52C-EBA4F3158569}"
EndProject
Global
	GlobalSection(SolutionConfigurationPlatforms) = preSolution
		Debug|Any CPU = Debug|Any CPU
		Release|Any CPU = Release|Any CPU
	EndGlobalSection
	GlobalSection(ProjectConfigurationPlatforms) = postSolution
		{57F0BA1F-6B4B-4029-A52C-EBA4F3158569}.Debug|Any CPU.ActiveCfg = Debug|Any CPU
		{57F0BA1F-6B4B-4029-A52C-EBA4F3158569}.Debug|Any CPU.Build.0 = Debug|Any CPU
		{57F0BA1F-6B4B-4029-A52C-EBA4F3158569}.Release|Any CPU.ActiveCfg = Release|Any CPU
		{57F0BA1F-6B4B-4029-A52C-EBA4F3158569}.Release|Any CPU.Build.0 = Release|Any CPU
	EndGlobalSection
	GlobalSection(SolutionProperties) = preSolution
		HideSolutionNode = FALSE
	EndGlobalSection
	GlobalSection(ExtensibilityGlobals) = postSolution
		SolutionGuid = {DB7E08A0-C040-40A2-BB3E-CD79A76A93FD}
	EndGlobalSection
EndGlobal
