
Microsoft Visual Studio Solution File, Format Version 12.00
# Visual Studio Version 17
VisualStudioVersion = 17.3.32901.215
MinimumVisualStudioVersion = 10.0.40219.1
Project("{FAE04EC0-301F-11D3-BF4B-00C04F79EFBC}") = "C sharp bootcamp opgaver L5 J.R.", "..\C sharp bootcamp opgaver L5 J.R\C sharp bootcamp opgaver L5 J.R\C sharp bootcamp opgaver L5 J.R..csproj", "{100501A2-161F-4190-A3E2-C9014461B10F}"
EndProject
Global
	GlobalSection(SolutionConfigurationPlatforms) = preSolution
		Debug|Any CPU = Debug|Any CPU
		Release|Any CPU = Release|Any CPU
	EndGlobalSection
	GlobalSection(ProjectConfigurationPlatforms) = postSolution
		{100501A2-161F-4190-A3E2-C9014461B10F}.Debug|Any CPU.ActiveCfg = Debug|Any CPU
		{100501A2-161F-4190-A3E2-C9014461B10F}.Debug|Any CPU.Build.0 = Debug|Any CPU
		{100501A2-161F-4190-A3E2-C9014461B10F}.Release|Any CPU.ActiveCfg = Release|Any CPU
		{100501A2-161F-4190-A3E2-C9014461B10F}.Release|Any CPU.Build.0 = Release|Any CPU
	EndGlobalSection
	GlobalSection(SolutionProperties) = preSolution
		HideSolutionNode = FALSE
	EndGlobalSection
	GlobalSection(ExtensibilityGlobals) = postSolution
		SolutionGuid = {2B9675EF-7225-4656-B717-93A485E26FDA}
	EndGlobalSection
EndGlobal
